
Microsoft Visual Studio Solution File, Format Version 12.00
# Visual Studio Version 16
VisualStudioVersion = 16.0.31605.320
MinimumVisualStudioVersion = 10.0.40219.1
Project("{F184B08F-C81C-45F6-A57F-5ABD9991F28F}") = "Calculator", "Calculator\Calculator.vbproj", "{76EDF814-DA35-4B93-A73F-1DD46C0282BB}"
EndProject
Global
	GlobalSection(SolutionConfigurationPlatforms) = preSolution
		Debug|Any CPU = Debug|Any CPU
		Release|Any CPU = Release|Any CPU
	EndGlobalSection
	GlobalSection(ProjectConfigurationPlatforms) = postSolution
		{76EDF814-DA35-4B93-A73F-1DD46C0282BB}.Debug|Any CPU.ActiveCfg = Debug|Any CPU
		{76EDF814-DA35-4B93-A73F-1DD46C0282BB}.Debug|Any CPU.Build.0 = Debug|Any CPU
		{76EDF814-DA35-4B93-A73F-1DD46C0282BB}.Release|Any CPU.ActiveCfg = Release|Any CPU
		{76EDF814-DA35-4B93-A73F-1DD46C0282BB}.Release|Any CPU.Build.0 = Release|Any CPU
	EndGlobalSection
	GlobalSection(SolutionProperties) = preSolution
		HideSolutionNode = FALSE
	EndGlobalSection
	GlobalSection(ExtensibilityGlobals) = postSolution
		SolutionGuid = {2E19B809-5B3C-4ECA-A502-6FDC6BC3BE87}
	EndGlobalSection
EndGlobal
